
Microsoft Visual Studio Solution File, Format Version 12.00
# Visual Studio Version 17
VisualStudioVersion = 17.6.33815.320
MinimumVisualStudioVersion = 10.0.40219.1
Project("{FAE04EC0-301F-11D3-BF4B-00C04F79EFBC}") = "PrismDemo", "PrismDemo\PrismDemo.csproj", "{00FF8343-59A9-405B-B666-CDE9DC00F65F}"
EndProject
Global
	GlobalSection(SolutionConfigurationPlatforms) = preSolution
		Debug|Any CPU = Debug|Any CPU
		Release|Any CPU = Release|Any CPU
	EndGlobalSection
	GlobalSection(ProjectConfigurationPlatforms) = postSolution
		{00FF8343-59A9-405B-B666-CDE9DC00F65F}.Debug|Any CPU.ActiveCfg = Debug|Any CPU
		{00FF8343-59A9-405B-B666-CDE9DC00F65F}.Debug|Any CPU.Build.0 = Debug|Any CPU
		{00FF8343-59A9-405B-B666-CDE9DC00F65F}.Release|Any CPU.ActiveCfg = Release|Any CPU
		{00FF8343-59A9-405B-B666-CDE9DC00F65F}.Release|Any CPU.Build.0 = Release|Any CPU
	EndGlobalSection
	GlobalSection(SolutionProperties) = preSolution
		HideSolutionNode = FALSE
	EndGlobalSection
	GlobalSection(ExtensibilityGlobals) = postSolution
		SolutionGuid = {4D781211-492B-4D6F-9A52-AB2CD86B3285}
	EndGlobalSection
EndGlobal
